# This file is automatically @generated by Poetry 1.5.1 and should not be changed by hand.

[[package]]
name = "pwinput"
version = "1.0.3"
description = "A cross-platform Python module that displays **** for password input. Works on Windows, unlike getpass. Formerly called stdiomask."
optional = false
python-versions = "*"
files = [
    {file = "pwinput-1.0.3.tar.gz", hash = "sha256:ca1a8bd06e28872d751dbd4132d8637127c25b408ea3a349377314a5491426f3"},
]

[metadata]
lock-version = "2.0"
python-versions = "^3.10"
content-hash = "8336dd0d83f229046ff45bab2749805c89cbf09d8a9f2ba99c8025e87199b060"
